
Microsoft Visual Studio Solution File, Format Version 12.00
# Visual Studio 15
VisualStudioVersion = 15.0.28010.2026
MinimumVisualStudioVersion = 10.0.40219.1
Project("{FAE04EC0-301F-11D3-BF4B-00C04F79EFBC}") = "USAAProject", "USAAProject\USAAProject.csproj", "{7B834A53-88B8-4363-ABDB-5DB54E0A3A85}"
EndProject
Global
	GlobalSection(SolutionConfigurationPlatforms) = preSolution
		Debug|Any CPU = Debug|Any CPU
		Release|Any CPU = Release|Any CPU
	EndGlobalSection
	GlobalSection(ProjectConfigurationPlatforms) = postSolution
		{7B834A53-88B8-4363-ABDB-5DB54E0A3A85}.Debug|Any CPU.ActiveCfg = Debug|Any CPU
		{7B834A53-88B8-4363-ABDB-5DB54E0A3A85}.Debug|Any CPU.Build.0 = Debug|Any CPU
		{7B834A53-88B8-4363-ABDB-5DB54E0A3A85}.Release|Any CPU.ActiveCfg = Release|Any CPU
		{7B834A53-88B8-4363-ABDB-5DB54E0A3A85}.Release|Any CPU.Build.0 = Release|Any CPU
	EndGlobalSection
	GlobalSection(SolutionProperties) = preSolution
		HideSolutionNode = FALSE
	EndGlobalSection
	GlobalSection(ExtensibilityGlobals) = postSolution
		SolutionGuid = {F7144C09-8F92-4FE5-B9F8-0B19F5AE096B}
	EndGlobalSection
EndGlobal
